// !$*UTF8*$!
{
	archiveVersion = 1;
	classes = {
	};
	objectVersion = 46;
	objects = {

/* Begin PBXBuildFile section */
		F83294B71F77308C009DA574 /* HITDevKit.framework in Frameworks */ = {isa = PBXBuildFile; fileRef = F83294B61F77308C009DA574 /* HITDevKit.framework */; };
		F83294BA1F77313D009DA574 /* HITPADPass.m in Sources */ = {isa = PBXBuildFile; fileRef = F83294B91F77313D009DA574 /* HITPADPass.m */; };
		F83294BC1F773275009DA574 /* OpenDirectory.framework in Frameworks */ = {isa = PBXBuildFile; fileRef = F83294BB1F773275009DA574 /* OpenDirectory.framework */; };
		F83294E61F77A8C9009DA574 /* Localizable.strings in Resources */ = {isa = PBXBuildFile; fileRef = F83294E81F77A8C9009DA574 /* Localizable.strings */; };
/* End PBXBuildFile section */

/* Begin PBXFileReference section */
		F83294A51F773076009DA574 /* ADPass.hitp */ = {isa = PBXFileReference; explicitFileType = wrapper.cfbundle; includeInIndex = 0; path = ADPass.hitp; sourceTree = BUILT_PRODUCTS_DIR; };
		F83294A81F773076009DA574 /* Info.plist */ = {isa = PBXFileReference; lastKnownFileType = text.plist.xml; path = Info.plist; sourceTree = "<group>"; };
		F83294B61F77308C009DA574 /* HITDevKit.framework */ = {isa = PBXFileReference; lastKnownFileType = wrapper.framework; name = HITDevKit.framework; path = "../../../../../../Library/Developer/Xcode/DerivedData/Hello_IT-aoxdloudbtfseogpklvucsgyvrib/Build/Products/Debug/HITDevKit.framework"; sourceTree = "<group>"; };
		F83294B81F77313D009DA574 /* HITPADPass.h */ = {isa = PBXFileReference; fileEncoding = 4; lastKnownFileType = sourcecode.c.h; path = HITPADPass.h; sourceTree = "<group>"; };
		F83294B91F77313D009DA574 /* HITPADPass.m */ = {isa = PBXFileReference; fileEncoding = 4; lastKnownFileType = sourcecode.c.objc; path = HITPADPass.m; sourceTree = "<group>"; };
		F83294BB1F773275009DA574 /* OpenDirectory.framework */ = {isa = PBXFileReference; lastKnownFileType = wrapper.framework; name = OpenDirectory.framework; path = System/Library/Frameworks/OpenDirectory.framework; sourceTree = SDKROOT; };
		F83294E71F77A8C9009DA574 /* en */ = {isa = PBXFileReference; lastKnownFileType = text.plist.strings; name = en; path = en.lproj/Localizable.strings; sourceTree = "<group>"; };
		F83294E91F77A99A009DA574 /* fr */ = {isa = PBXFileReference; lastKnownFileType = text.plist.strings; name = fr; path = fr.lproj/Localizable.strings; sourceTree = "<group>"; };
		F8886A20262CC32D0039DE6C /* ADPass.xcconfig */ = {isa = PBXFileReference; lastKnownFileType = text.xcconfig; path = ADPass.xcconfig; sourceTree = "<group>"; };
/* End PBXFileReference section */

/* Begin PBXFrameworksBuildPhase section */
		F83294A21F773076009DA574 /* Frameworks */ = {
			isa = PBXFrameworksBuildPhase;
			buildActionMask = 2147483647;
			files = (
				F83294BC1F773275009DA574 /* OpenDirectory.framework in Frameworks */,
				F83294B71F77308C009DA574 /* HITDevKit.framework in Frameworks */,
			);
			runOnlyForDeploymentPostprocessing = 0;
		};
/* End PBXFrameworksBuildPhase section */

/* Begin PBXGroup section */
		F832949C1F773076009DA574 = {
			isa = PBXGroup;
			children = (
				F8886A20262CC32D0039DE6C /* ADPass.xcconfig */,
				F83294A71F773076009DA574 /* ADPass */,
				F83294A61F773076009DA574 /* Products */,
				F83294B51F77308C009DA574 /* Frameworks */,
			);
			sourceTree = "<group>";
		};
		F83294A61F773076009DA574 /* Products */ = {
			isa = PBXGroup;
			children = (
				F83294A51F773076009DA574 /* ADPass.hitp */,
			);
			name = Products;
			sourceTree = "<group>";
		};
		F83294A71F773076009DA574 /* ADPass */ = {
			isa = PBXGroup;
			children = (
				F83294A81F773076009DA574 /* Info.plist */,
				F83294B81F77313D009DA574 /* HITPADPass.h */,
				F83294B91F77313D009DA574 /* HITPADPass.m */,
				F83294E81F77A8C9009DA574 /* Localizable.strings */,
			);
			path = ADPass;
			sourceTree = "<group>";
		};
		F83294B51F77308C009DA574 /* Frameworks */ = {
			isa = PBXGroup;
			children = (
				F83294BB1F773275009DA574 /* OpenDirectory.framework */,
				F83294B61F77308C009DA574 /* HITDevKit.framework */,
			);
			name = Frameworks;
			sourceTree = "<group>";
		};
/* End PBXGroup section */

/* Begin PBXNativeTarget section */
		F83294A41F773076009DA574 /* ADPass */ = {
			isa = PBXNativeTarget;
			buildConfigurationList = F83294AB1F773076009DA574 /* Build configuration list for PBXNativeTarget "ADPass" */;
			buildPhases = (
				F83294A11F773076009DA574 /* Sources */,
				F83294A21F773076009DA574 /* Frameworks */,
				F83294A31F773076009DA574 /* Resources */,
			);
			buildRules = (
			);
			dependencies = (
			);
			name = ADPass;
			productName = ADPass;
			productReference = F83294A51F773076009DA574 /* ADPass.hitp */;
			productType = "com.apple.product-type.bundle";
		};
/* End PBXNativeTarget section */

/* Begin PBXProject section */
		F832949D1F773076009DA574 /* Project object */ = {
			isa = PBXProject;
			attributes = {
				LastUpgradeCheck = 1230;
				ORGANIZATIONNAME = "Yoann Gini";
				TargetAttributes = {
					F83294A41F773076009DA574 = {
						CreatedOnToolsVersion = 8.3.3;
						DevelopmentTeam = CRXPBZF3N4;
						ProvisioningStyle = Automatic;
					};
				};
			};
			buildConfigurationList = F83294A01F773076009DA574 /* Build configuration list for PBXProject "ADPass" */;
			compatibilityVersion = "Xcode 3.2";
			developmentRegion = en;
			hasScannedForEncodings = 0;
			knownRegions = (
				en,
				fr,
				Base,
			);
			mainGroup = F832949C1F773076009DA574;
			productRefGroup = F83294A61F773076009DA574 /* Products */;
			projectDirPath = "";
			projectRoot = "";
			targets = (
				F83294A41F773076009DA574 /* ADPass */,
			);
		};
/* End PBXProject section */

/* Begin PBXResourcesBuildPhase section */
		F83294A31F773076009DA574 /* Resources */ = {
			isa = PBXResourcesBuildPhase;
			buildActionMask = 2147483647;
			files = (
				F83294E61F77A8C9009DA574 /* Localizable.strings in Resources */,
			);
			runOnlyForDeploymentPostprocessing = 0;
		};
/* End PBXResourcesBuildPhase section */

/* Begin PBXSourcesBuildPhase section */
		F83294A11F773076009DA574 /* Sources */ = {
			isa = PBXSourcesBuildPhase;
			buildActionMask = 2147483647;
			files = (
				F83294BA1F77313D009DA574 /* HITPADPass.m in Sources */,
			);
			runOnlyForDeploymentPostprocessing = 0;
		};
/* End PBXSourcesBuildPhase section */

/* Begin PBXVariantGroup section */
		F83294E81F77A8C9009DA574 /* Localizable.strings */ = {
			isa = PBXVariantGroup;
			children = (
				F83294E71F77A8C9009DA574 /* en */,
				F83294E91F77A99A009DA574 /* fr */,
			);
			name = Localizable.strings;
			sourceTree = "<group>";
		};
/* End PBXVariantGroup section */

/* Begin XCBuildConfiguration section */
		F83294A91F773076009DA574 /* Debug */ = {
			isa = XCBuildConfiguration;
			baseConfigurationReference = F8886A20262CC32D0039DE6C /* ADPass.xcconfig */;
			buildSettings = {
				ALWAYS_SEARCH_USER_PATHS = NO;
				CLANG_ANALYZER_LOCALIZABILITY_NONLOCALIZED = YES;
				CLANG_ANALYZER_NONNULL = YES;
				CLANG_ANALYZER_NUMBER_OBJECT_CONVERSION = YES_AGGRESSIVE;
				CLANG_CXX_LANGUAGE_STANDARD = "gnu++0x";
				CLANG_CXX_LIBRARY = "libc++";
				CLANG_ENABLE_MODULES = YES;
				CLANG_ENABLE_OBJC_ARC = YES;
				CLANG_WARN_BLOCK_CAPTURE_AUTORELEASING = YES;
				CLANG_WARN_BOOL_CONVERSION = YES;
				CLANG_WARN_COMMA = YES;
				CLANG_WARN_CONSTANT_CONVERSION = YES;
				CLANG_WARN_DEPRECATED_OBJC_IMPLEMENTATIONS = YES;
				CLANG_WARN_DIRECT_OBJC_ISA_USAGE = YES_ERROR;
				CLANG_WARN_DOCUMENTATION_COMMENTS = YES;
				CLANG_WARN_EMPTY_BODY = YES;
				CLANG_WARN_ENUM_CONVERSION = YES;
				CLANG_WARN_INFINITE_RECURSION = YES;
				CLANG_WARN_INT_CONVERSION = YES;
				CLANG_WARN_NON_LITERAL_NULL_CONVERSION = YES;
				CLANG_WARN_OBJC_IMPLICIT_RETAIN_SELF = YES;
				CLANG_WARN_OBJC_LITERAL_CONVERSION = YES;
				CLANG_WARN_OBJC_ROOT_CLASS = YES_ERROR;
				CLANG_WARN_QUOTED_INCLUDE_IN_FRAMEWORK_HEADER = YES;
				CLANG_WARN_RANGE_LOOP_ANALYSIS = YES;
				CLANG_WARN_STRICT_PROTOTYPES = YES;
				CLANG_WARN_SUSPICIOUS_MOVE = YES;
				CLANG_WARN_UNREACHABLE_CODE = YES;
				CLANG_WARN__DUPLICATE_METHOD_MATCH = YES;
				COPY_PHASE_STRIP = NO;
				DEBUG_INFORMATION_FORMAT = dwarf;
				ENABLE_STRICT_OBJC_MSGSEND = YES;
				ENABLE_TESTABILITY = YES;
				GCC_C_LANGUAGE_STANDARD = gnu99;
				GCC_DYNAMIC_NO_PIC = NO;
				GCC_NO_COMMON_BLOCKS = YES;
				GCC_OPTIMIZATION_LEVEL = 0;
				GCC_PREPROCESSOR_DEFINITIONS = (
					"DEBUG=1",
					"$(inherited)",
				);
				GCC_WARN_64_TO_32_BIT_CONVERSION = YES;
				GCC_WARN_ABOUT_RETURN_TYPE = YES_ERROR;
				GCC_WARN_UNDECLARED_SELECTOR = YES;
				GCC_WARN_UNINITIALIZED_AUTOS = YES_AGGRESSIVE;
				GCC_WARN_UNUSED_FUNCTION = YES;
				GCC_WARN_UNUSED_VARIABLE = YES;
				MACOSX_DEPLOYMENT_TARGET = 10.10;
				MTL_ENABLE_DEBUG_INFO = YES;
				ONLY_ACTIVE_ARCH = YES;
				SDKROOT = macosx;
			};
			name = Debug;
		};
		F83294AA1F773076009DA574 /* Release */ = {
			isa = XCBuildConfiguration;
			baseConfigurationReference = F8886A20262CC32D0039DE6C /* ADPass.xcconfig */;
			buildSettings = {
				ALWAYS_SEARCH_USER_PATHS = NO;
				CLANG_ANALYZER_LOCALIZABILITY_NONLOCALIZED = YES;
				CLANG_ANALYZER_NONNULL = YES;
				CLANG_ANALYZER_NUMBER_OBJECT_CONVERSION = YES_AGGRESSIVE;
				CLANG_CXX_LANGUAGE_STANDARD = "gnu++0x";
				CLANG_CXX_LIBRARY = "libc++";
				CLANG_ENABLE_MODULES = YES;
				CLANG_ENABLE_OBJC_ARC = YES;
				CLANG_WARN_BLOCK_CAPTURE_AUTORELEASING = YES;
				CLANG_WARN_BOOL_CONVERSION = YES;
				CLANG_WARN_COMMA = YES;
				CLANG_WARN_CONSTANT_CONVERSION = YES;
				CLANG_WARN_DEPRECATED_OBJC_IMPLEMENTATIONS = YES;
				CLANG_WARN_DIRECT_OBJC_ISA_USAGE = YES_ERROR;
				CLANG_WARN_DOCUMENTATION_COMMENTS = YES;
				CLANG_WARN_EMPTY_BODY = YES;
				CLANG_WARN_ENUM_CONVERSION = YES;
				CLANG_WARN_INFINITE_RECURSION = YES;
				CLANG_WARN_INT_CONVERSION = YES;
				CLANG_WARN_NON_LITERAL_NULL_CONVERSION = YES;
				CLANG_WARN_OBJC_IMPLICIT_RETAIN_SELF = YES;
				CLANG_WARN_OBJC_LITERAL_CONVERSION = YES;
				CLANG_WARN_OBJC_ROOT_CLASS = YES_ERROR;
				CLANG_WARN_QUOTED_INCLUDE_IN_FRAMEWORK_HEADER = YES;
				CLANG_WARN_RANGE_LOOP_ANALYSIS = YES;
				CLANG_WARN_STRICT_PROTOTYPES = YES;
				CLANG_WARN_SUSPICIOUS_MOVE = YES;
				CLANG_WARN_UNREACHABLE_CODE = YES;
				CLANG_WARN__DUPLICATE_METHOD_MATCH = YES;
				COPY_PHASE_STRIP = NO;
				DEBUG_INFORMATION_FORMAT = "dwarf-with-dsym";
				ENABLE_NS_ASSERTIONS = NO;
				ENABLE_STRICT_OBJC_MSGSEND = YES;
				GCC_C_LANGUAGE_STANDARD = gnu99;
				GCC_NO_COMMON_BLOCKS = YES;
				GCC_WARN_64_TO_32_BIT_CONVERSION = YES;
				GCC_WARN_ABOUT_RETURN_TYPE = YES_ERROR;
				GCC_WARN_UNDECLARED_SELECTOR = YES;
				GCC_WARN_UNINITIALIZED_AUTOS = YES_AGGRESSIVE;
				GCC_WARN_UNUSED_FUNCTION = YES;
				GCC_WARN_UNUSED_VARIABLE = YES;
				MACOSX_DEPLOYMENT_TARGET = 10.10;
				MTL_ENABLE_DEBUG_INFO = NO;
				SDKROOT = macosx;
			};
			name = Release;
		};
		F83294AC1F773076009DA574 /* Debug */ = {
			isa = XCBuildConfiguration;
			buildSettings = {
				COMBINE_HIDPI_IMAGES = YES;
				INFOPLIST_FILE = ADPass/Info.plist;
				INSTALL_PATH = "$(LOCAL_LIBRARY_DIR)/Bundles";
				PRODUCT_BUNDLE_IDENTIFIER = "$(PRODUCT_BUNDLE_IDENTIFIER_BASE).hitp.$(PRODUCT_NAME:rfc1034identifier)";
				PRODUCT_NAME = "$(TARGET_NAME)";
				PROVISIONING_PROFILE_SPECIFIER = "";
				SKIP_INSTALL = YES;
				WRAPPER_EXTENSION = hitp;
			};
			name = Debug;
		};
		F83294AD1F773076009DA574 /* Release */ = {
			isa = XCBuildConfiguration;
			buildSettings = {
				COMBINE_HIDPI_IMAGES = YES;
				INFOPLIST_FILE = ADPass/Info.plist;
				INSTALL_PATH = "$(LOCAL_LIBRARY_DIR)/Bundles";
				PRODUCT_BUNDLE_IDENTIFIER = "$(PRODUCT_BUNDLE_IDENTIFIER_BASE).hitp.$(PRODUCT_NAME:rfc1034identifier)";
				PRODUCT_NAME = "$(TARGET_NAME)";
				PROVISIONING_PROFILE_SPECIFIER = "";
				SKIP_INSTALL = YES;
				WRAPPER_EXTENSION = hitp;
			};
			name = Release;
		};
/* End XCBuildConfiguration section */

/* Begin XCConfigurationList section */
		F83294A01F773076009DA574 /* Build configuration list for PBXProject "ADPass" */ = {
			isa = XCConfigurationList;
			buildConfigurations = (
				F83294A91F773076009DA574 /* Debug */,
				F83294AA1F773076009DA574 /* Release */,
			);
			defaultConfigurationIsVisible = 0;
			defaultConfigurationName = Release;
		};
		F83294AB1F773076009DA574 /* Build configuration list for PBXNativeTarget "ADPass" */ = {
			isa = XCConfigurationList;
			buildConfigurations = (
				F83294AC1F773076009DA574 /* Debug */,
				F83294AD1F773076009DA574 /* Release */,
			);
			defaultConfigurationIsVisible = 0;
			defaultConfigurationName = Release;
		};
/* End XCConfigurationList section */
	};
	rootObject = F832949D1F773076009DA574 /* Project object */;
}
